
Microsoft Visual Studio Solution File, Format Version 12.00
# Visual Studio 15
VisualStudioVersion = 15.0.27130.2024
MinimumVisualStudioVersion = 10.0.40219.1
Project("{FAE04EC0-301F-11D3-BF4B-00C04F79EFBC}") = "PitchATent", "PitchATent\PitchATent.csproj", "{A818EDC0-456F-4E1D-A30E-8D40DE6C3AE5}"
EndProject
Project("{54435603-DBB4-11D2-8724-00A0C9A8B90C}") = "PitchATent_Setup", "PitchATent_Setup\PitchATent_Setup.vdproj", "{B53979F0-4F86-4620-9D5F-E3DC33DE3084}"
EndProject
Global
	GlobalSection(SolutionConfigurationPlatforms) = preSolution
		Debug|Any CPU = Debug|Any CPU
		Release|Any CPU = Release|Any CPU
	EndGlobalSection
	GlobalSection(ProjectConfigurationPlatforms) = postSolution
		{A818EDC0-456F-4E1D-A30E-8D40DE6C3AE5}.Debug|Any CPU.ActiveCfg = Debug|Any CPU
		{A818EDC0-456F-4E1D-A30E-8D40DE6C3AE5}.Debug|Any CPU.Build.0 = Debug|Any CPU
		{A818EDC0-456F-4E1D-A30E-8D40DE6C3AE5}.Release|Any CPU.ActiveCfg = Release|Any CPU
		{A818EDC0-456F-4E1D-A30E-8D40DE6C3AE5}.Release|Any CPU.Build.0 = Release|Any CPU
		{B53979F0-4F86-4620-9D5F-E3DC33DE3084}.Debug|Any CPU.ActiveCfg = Debug
		{B53979F0-4F86-4620-9D5F-E3DC33DE3084}.Release|Any CPU.ActiveCfg = Release
	EndGlobalSection
	GlobalSection(SolutionProperties) = preSolution
		HideSolutionNode = FALSE
	EndGlobalSection
	GlobalSection(ExtensibilityGlobals) = postSolution
		SolutionGuid = {A9830F98-26D2-43C6-9045-D94CE3B0434E}
	EndGlobalSection
EndGlobal
